# This file is autogenerated, do not edit; changes may be undone by the next 'dep ensure'.


[[projects]]
  name = "github.com/apache/thrift"
  packages = ["lib/go/thrift"]
  revision = "b2a4d4ae21c789b689dd162deb819665567f481c"
  version = "0.10.0"

[[projects]]
  branch = "master"
  name = "github.com/codahale/hdrhistogram"
  packages = ["."]
  revision = "3a0bb77429bd3a61596f5e8a3172445844342120"

[[projects]]
  name = "github.com/gogo/protobuf"
  packages = [
    "io",
    "proto"
  ]
  revision = "1adfc126b41513cc696b209667c8656ea7aac67c"
  version = "v1.0.0"

[[projects]]
  name = "github.com/gorilla/context"
  packages = ["."]
  revision = "1ea25387ff6f684839d82767c1733ff4d4d15d0a"
  version = "v1.1"

[[projects]]
  name = "github.com/gorilla/mux"
  packages = ["."]
  revision = "53c1911da2b537f792e7cafcb446b05ffe33b996"
  version = "v1.6.1"

[[projects]]
  name = "github.com/opentracing/basictracer-go"
  packages = [
    ".",
    "wire"
  ]
  revision = "1b32af207119a14b1b231d451df3ed04a72efebf"
  version = "v1.0.0"

[[projects]]
  name = "github.com/opentracing/opentracing-go"
  packages = [
    ".",
    "ext",
    "log"
  ]
  revision = "1949ddbfd147afd4d964a9f00b24eb291e0e7c38"
  version = "v1.0.2"

[[projects]]
  branch = "master"
  name = "github.com/shurcooL/httpfs"
  packages = ["vfsutil"]
  revision = "809beceb23714880abc4a382a00c05f89d13b1cc"

[[projects]]
  branch = "master"
  name = "github.com/shurcooL/vfsgen"
  packages = ["."]
  revision = "ffb13db8def02f545acc58bd288ec6057c2bbfb9"

[[projects]]
  name = "github.com/uber/jaeger-client-go"
  packages = [
    ".",
    "config",
    "internal/baggage",
    "internal/baggage/remote",
    "internal/spanlog",
    "internal/throttler",
    "log",
    "rpcmetrics",
    "thrift-gen/agent",
    "thrift-gen/baggage",
    "thrift-gen/jaeger",
    "thrift-gen/sampling",
    "thrift-gen/zipkincore",
    "utils"
  ]
  revision = "c107110d057826281414cb964f167bce5be17588"
  version = "v2.12.0"

[[projects]]
  name = "github.com/uber/jaeger-lib"
  packages = ["metrics"]
  revision = "4267858c0679cd4e47cefed8d7f70fd386cfb567"
  version = "v1.4.0"

[[projects]]
  branch = "master"
  name = "golang.org/x/net"
  packages = ["context"]
  revision = "b68f30494add4df6bd8ef5e82803f308e7f7c59c"

[[projects]]
  name = "gopkg.in/gcfg.v1"
  packages = [
    ".",
    "scanner",
    "token",
    "types"
  ]
  revision = "f02745ab41b9d54a9d495f3356e76f7396da404c"
  version = "v1.2.2"

[[projects]]
  branch = "v1.1"
  name = "gopkg.in/tokopedia/logging.v1"
  packages = ["."]
  revision = "d9a7fa4e4ea2a116d7655576ea7154ecd39ec662"

[[projects]]
  name = "gopkg.in/warnings.v0"
  packages = ["."]
  revision = "ec4a0fea49c7b46c2aeb0b51aac55779c607e52b"
  version = "v0.1.2"

[[projects]]
  branch = "master"
  name = "sourcegraph.com/sourcegraph/appdash"
  packages = [
    ".",
    "httptrace",
    "internal/wire",
    "opentracing",
    "sqltrace",
    "traceapp",
    "traceapp/tmpl"
  ]
  revision = "2cc67fd647551af94593ecaaa89fe4e5b2940a3e"

[[projects]]
  branch = "master"
  name = "sourcegraph.com/sourcegraph/appdash-data"
  packages = ["."]
  revision = "73f23eafcf67cad684fba328dd545a116ac273ff"

[solve-meta]
  analyzer-name = "dep"
  analyzer-version = 1
  inputs-digest = "ee19a2b30efb818a486ad67da4f1f53d52080e051947c703835c14064adc13ee"
  solver-name = "gps-cdcl"
  solver-version = 1
